// !$*UTF8*$!
{
	archiveVersion = 1;
	classes = {
	};
	objectVersion = 46;
	objects = {

/* Begin PBXBuildFile section */
		90B3CF7A1943F9CD000678FA /* main.swift in Sources */ = {isa = PBXBuildFile; fileRef = 90B3CF791943F9CD000678FA /* main.swift */; };
		90B3CF7C1943F9CD000678FA /* AppDelegate.swift in Sources */ = {isa = PBXBuildFile; fileRef = 90B3CF7B1943F9CD000678FA /* AppDelegate.swift */; };
		90B3CF7E1943F9CD000678FA /* Images.xcassets in Resources */ = {isa = PBXBuildFile; fileRef = 90B3CF7D1943F9CD000678FA /* Images.xcassets */; };
		90B3CF811943F9CD000678FA /* MainMenu.xib in Resources */ = {isa = PBXBuildFile; fileRef = 90B3CF7F1943F9CD000678FA /* MainMenu.xib */; };
		90B3CF8D1943F9CD000678FA /* emojipingTests.swift in Sources */ = {isa = PBXBuildFile; fileRef = 90B3CF8C1943F9CD000678FA /* emojipingTests.swift */; };
/* End PBXBuildFile section */

/* Begin PBXContainerItemProxy section */
		90B3CF871943F9CD000678FA /* PBXContainerItemProxy */ = {
			isa = PBXContainerItemProxy;
			containerPortal = 90B3CF6C1943F9CD000678FA /* Project object */;
			proxyType = 1;
			remoteGlobalIDString = 90B3CF731943F9CD000678FA;
			remoteInfo = emojiping;
		};
/* End PBXContainerItemProxy section */

/* Begin PBXFileReference section */
		90B3CF741943F9CD000678FA /* emojiping.app */ = {isa = PBXFileReference; explicitFileType = wrapper.application; includeInIndex = 0; path = emojiping.app; sourceTree = BUILT_PRODUCTS_DIR; };
		90B3CF781943F9CD000678FA /* Info.plist */ = {isa = PBXFileReference; lastKnownFileType = text.plist.xml; path = Info.plist; sourceTree = "<group>"; };
		90B3CF791943F9CD000678FA /* main.swift */ = {isa = PBXFileReference; lastKnownFileType = sourcecode.swift; path = main.swift; sourceTree = "<group>"; };
		90B3CF7B1943F9CD000678FA /* AppDelegate.swift */ = {isa = PBXFileReference; lastKnownFileType = sourcecode.swift; path = AppDelegate.swift; sourceTree = "<group>"; };
		90B3CF7D1943F9CD000678FA /* Images.xcassets */ = {isa = PBXFileReference; lastKnownFileType = folder.assetcatalog; path = Images.xcassets; sourceTree = "<group>"; };
		90B3CF801943F9CD000678FA /* Base */ = {isa = PBXFileReference; lastKnownFileType = file.xib; name = Base; path = Base.lproj/MainMenu.xib; sourceTree = "<group>"; };
		90B3CF861943F9CD000678FA /* emojipingTests.xctest */ = {isa = PBXFileReference; explicitFileType = wrapper.cfbundle; includeInIndex = 0; path = emojipingTests.xctest; sourceTree = BUILT_PRODUCTS_DIR; };
		90B3CF8B1943F9CD000678FA /* Info.plist */ = {isa = PBXFileReference; lastKnownFileType = text.plist.xml; path = Info.plist; sourceTree = "<group>"; };
		90B3CF8C1943F9CD000678FA /* emojipingTests.swift */ = {isa = PBXFileReference; lastKnownFileType = sourcecode.swift; path = emojipingTests.swift; sourceTree = "<group>"; };
/* End PBXFileReference section */

/* Begin PBXFrameworksBuildPhase section */
		90B3CF711943F9CD000678FA /* Frameworks */ = {
			isa = PBXFrameworksBuildPhase;
			buildActionMask = 2147483647;
			files = (
			);
			runOnlyForDeploymentPostprocessing = 0;
		};
		90B3CF831943F9CD000678FA /* Frameworks */ = {
			isa = PBXFrameworksBuildPhase;
			buildActionMask = 2147483647;
			files = (
			);
			runOnlyForDeploymentPostprocessing = 0;
		};
/* End PBXFrameworksBuildPhase section */

/* Begin PBXGroup section */
		90B3CF6B1943F9CD000678FA = {
			isa = PBXGroup;
			children = (
				90B3CF761943F9CD000678FA /* emojiping */,
				90B3CF891943F9CD000678FA /* emojipingTests */,
				90B3CF751943F9CD000678FA /* Products */,
			);
			sourceTree = "<group>";
		};
		90B3CF751943F9CD000678FA /* Products */ = {
			isa = PBXGroup;
			children = (
				90B3CF741943F9CD000678FA /* emojiping.app */,
				90B3CF861943F9CD000678FA /* emojipingTests.xctest */,
			);
			name = Products;
			sourceTree = "<group>";
		};
		90B3CF761943F9CD000678FA /* emojiping */ = {
			isa = PBXGroup;
			children = (
				90B3CF7B1943F9CD000678FA /* AppDelegate.swift */,
				90B3CF7D1943F9CD000678FA /* Images.xcassets */,
				90B3CF7F1943F9CD000678FA /* MainMenu.xib */,
				90B3CF771943F9CD000678FA /* Supporting Files */,
			);
			path = emojiping;
			sourceTree = "<group>";
		};
		90B3CF771943F9CD000678FA /* Supporting Files */ = {
			isa = PBXGroup;
			children = (
				90B3CF781943F9CD000678FA /* Info.plist */,
				90B3CF791943F9CD000678FA /* main.swift */,
			);
			name = "Supporting Files";
			sourceTree = "<group>";
		};
		90B3CF891943F9CD000678FA /* emojipingTests */ = {
			isa = PBXGroup;
			children = (
				90B3CF8C1943F9CD000678FA /* emojipingTests.swift */,
				90B3CF8A1943F9CD000678FA /* Supporting Files */,
			);
			path = emojipingTests;
			sourceTree = "<group>";
		};
		90B3CF8A1943F9CD000678FA /* Supporting Files */ = {
			isa = PBXGroup;
			children = (
				90B3CF8B1943F9CD000678FA /* Info.plist */,
			);
			name = "Supporting Files";
			sourceTree = "<group>";
		};
/* End PBXGroup section */

/* Begin PBXNativeTarget section */
		90B3CF731943F9CD000678FA /* emojiping */ = {
			isa = PBXNativeTarget;
			buildConfigurationList = 90B3CF901943F9CD000678FA /* Build configuration list for PBXNativeTarget "emojiping" */;
			buildPhases = (
				90B3CF701943F9CD000678FA /* Sources */,
				90B3CF711943F9CD000678FA /* Frameworks */,
				90B3CF721943F9CD000678FA /* Resources */,
			);
			buildRules = (
			);
			dependencies = (
			);
			name = emojiping;
			productName = emojiping;
			productReference = 90B3CF741943F9CD000678FA /* emojiping.app */;
			productType = "com.apple.product-type.application";
		};
		90B3CF851943F9CD000678FA /* emojipingTests */ = {
			isa = PBXNativeTarget;
			buildConfigurationList = 90B3CF931943F9CD000678FA /* Build configuration list for PBXNativeTarget "emojipingTests" */;
			buildPhases = (
				90B3CF821943F9CD000678FA /* Sources */,
				90B3CF831943F9CD000678FA /* Frameworks */,
				90B3CF841943F9CD000678FA /* Resources */,
			);
			buildRules = (
			);
			dependencies = (
				90B3CF881943F9CD000678FA /* PBXTargetDependency */,
			);
			name = emojipingTests;
			productName = emojipingTests;
			productReference = 90B3CF861943F9CD000678FA /* emojipingTests.xctest */;
			productType = "com.apple.product-type.bundle.unit-test";
		};
/* End PBXNativeTarget section */

/* Begin PBXProject section */
		90B3CF6C1943F9CD000678FA /* Project object */ = {
			isa = PBXProject;
			attributes = {
				LastUpgradeCheck = 0600;
				ORGANIZATIONNAME = "Steven Merrill";
				TargetAttributes = {
					90B3CF731943F9CD000678FA = {
						CreatedOnToolsVersion = 6.0;
					};
					90B3CF851943F9CD000678FA = {
						CreatedOnToolsVersion = 6.0;
						TestTargetID = 90B3CF731943F9CD000678FA;
					};
				};
			};
			buildConfigurationList = 90B3CF6F1943F9CD000678FA /* Build configuration list for PBXProject "emojiping" */;
			compatibilityVersion = "Xcode 3.2";
			developmentRegion = English;
			hasScannedForEncodings = 0;
			knownRegions = (
				en,
				Base,
			);
			mainGroup = 90B3CF6B1943F9CD000678FA;
			productRefGroup = 90B3CF751943F9CD000678FA /* Products */;
			projectDirPath = "";
			projectRoot = "";
			targets = (
				90B3CF731943F9CD000678FA /* emojiping */,
				90B3CF851943F9CD000678FA /* emojipingTests */,
			);
		};
/* End PBXProject section */

/* Begin PBXResourcesBuildPhase section */
		90B3CF721943F9CD000678FA /* Resources */ = {
			isa = PBXResourcesBuildPhase;
			buildActionMask = 2147483647;
			files = (
				90B3CF7E1943F9CD000678FA /* Images.xcassets in Resources */,
				90B3CF811943F9CD000678FA /* MainMenu.xib in Resources */,
			);
			runOnlyForDeploymentPostprocessing = 0;
		};
		90B3CF841943F9CD000678FA /* Resources */ = {
			isa = PBXResourcesBuildPhase;
			buildActionMask = 2147483647;
			files = (
			);
			runOnlyForDeploymentPostprocessing = 0;
		};
/* End PBXResourcesBuildPhase section */

/* Begin PBXSourcesBuildPhase section */
		90B3CF701943F9CD000678FA /* Sources */ = {
			isa = PBXSourcesBuildPhase;
			buildActionMask = 2147483647;
			files = (
				90B3CF7C1943F9CD000678FA /* AppDelegate.swift in Sources */,
				90B3CF7A1943F9CD000678FA /* main.swift in Sources */,
			);
			runOnlyForDeploymentPostprocessing = 0;
		};
		90B3CF821943F9CD000678FA /* Sources */ = {
			isa = PBXSourcesBuildPhase;
			buildActionMask = 2147483647;
			files = (
				90B3CF8D1943F9CD000678FA /* emojipingTests.swift in Sources */,
			);
			runOnlyForDeploymentPostprocessing = 0;
		};
/* End PBXSourcesBuildPhase section */

/* Begin PBXTargetDependency section */
		90B3CF881943F9CD000678FA /* PBXTargetDependency */ = {
			isa = PBXTargetDependency;
			target = 90B3CF731943F9CD000678FA /* emojiping */;
			targetProxy = 90B3CF871943F9CD000678FA /* PBXContainerItemProxy */;
		};
/* End PBXTargetDependency section */

/* Begin PBXVariantGroup section */
		90B3CF7F1943F9CD000678FA /* MainMenu.xib */ = {
			isa = PBXVariantGroup;
			children = (
				90B3CF801943F9CD000678FA /* Base */,
			);
			name = MainMenu.xib;
			sourceTree = "<group>";
		};
/* End PBXVariantGroup section */

/* Begin XCBuildConfiguration section */
		90B3CF8E1943F9CD000678FA /* Debug */ = {
			isa = XCBuildConfiguration;
			buildSettings = {
				ALWAYS_SEARCH_USER_PATHS = NO;
				CLANG_CXX_LANGUAGE_STANDARD = "gnu++0x";
				CLANG_CXX_LIBRARY = "libc++";
				CLANG_ENABLE_MODULES = YES;
				CLANG_ENABLE_OBJC_ARC = YES;
				CLANG_WARN_BOOL_CONVERSION = YES;
				CLANG_WARN_CONSTANT_CONVERSION = YES;
				CLANG_WARN_DIRECT_OBJC_ISA_USAGE = YES_ERROR;
				CLANG_WARN_EMPTY_BODY = YES;
				CLANG_WARN_ENUM_CONVERSION = YES;
				CLANG_WARN_INT_CONVERSION = YES;
				CLANG_WARN_OBJC_ROOT_CLASS = YES_ERROR;
				CLANG_WARN_UNREACHABLE_CODE = YES;
				CLANG_WARN__DUPLICATE_METHOD_MATCH = YES;
				CODE_SIGN_IDENTITY = "-";
				COPY_PHASE_STRIP = NO;
				ENABLE_STRICT_OBJC_MSGSEND = YES;
				GCC_C_LANGUAGE_STANDARD = gnu99;
				GCC_DYNAMIC_NO_PIC = NO;
				GCC_OPTIMIZATION_LEVEL = 0;
				GCC_PREPROCESSOR_DEFINITIONS = (
					"DEBUG=1",
					"$(inherited)",
				);
				GCC_SYMBOLS_PRIVATE_EXTERN = NO;
				GCC_WARN_64_TO_32_BIT_CONVERSION = YES;
				GCC_WARN_ABOUT_RETURN_TYPE = YES_ERROR;
				GCC_WARN_UNDECLARED_SELECTOR = YES;
				GCC_WARN_UNINITIALIZED_AUTOS = YES_AGGRESSIVE;
				GCC_WARN_UNUSED_FUNCTION = YES;
				GCC_WARN_UNUSED_VARIABLE = YES;
				MACOSX_DEPLOYMENT_TARGET = 10.9;
				METAL_ENABLE_DEBUG_INFO = YES;
				ONLY_ACTIVE_ARCH = YES;
				SDKROOT = macosx;
				SWIFT_OPTIMIZATION_LEVEL = "-Onone";
			};
			name = Debug;
		};
		90B3CF8F1943F9CD000678FA /* Release */ = {
			isa = XCBuildConfiguration;
			buildSettings = {
				ALWAYS_SEARCH_USER_PATHS = NO;
				CLANG_CXX_LANGUAGE_STANDARD = "gnu++0x";
				CLANG_CXX_LIBRARY = "libc++";
				CLANG_ENABLE_MODULES = YES;
				CLANG_ENABLE_OBJC_ARC = YES;
				CLANG_WARN_BOOL_CONVERSION = YES;
				CLANG_WARN_CONSTANT_CONVERSION = YES;
				CLANG_WARN_DIRECT_OBJC_ISA_USAGE = YES_ERROR;
				CLANG_WARN_EMPTY_BODY = YES;
				CLANG_WARN_ENUM_CONVERSION = YES;
				CLANG_WARN_INT_CONVERSION = YES;
				CLANG_WARN_OBJC_ROOT_CLASS = YES_ERROR;
				CLANG_WARN_UNREACHABLE_CODE = YES;
				CLANG_WARN__DUPLICATE_METHOD_MATCH = YES;
				CODE_SIGN_IDENTITY = "-";
				COPY_PHASE_STRIP = YES;
				DEBUG_INFORMATION_FORMAT = "dwarf-with-dsym";
				ENABLE_NS_ASSERTIONS = NO;
				ENABLE_STRICT_OBJC_MSGSEND = YES;
				GCC_C_LANGUAGE_STANDARD = gnu99;
				GCC_WARN_64_TO_32_BIT_CONVERSION = YES;
				GCC_WARN_ABOUT_RETURN_TYPE = YES_ERROR;
				GCC_WARN_UNDECLARED_SELECTOR = YES;
				GCC_WARN_UNINITIALIZED_AUTOS = YES_AGGRESSIVE;
				GCC_WARN_UNUSED_FUNCTION = YES;
				GCC_WARN_UNUSED_VARIABLE = YES;
				MACOSX_DEPLOYMENT_TARGET = 10.9;
				METAL_ENABLE_DEBUG_INFO = NO;
				SDKROOT = macosx;
			};
			name = Release;
		};
		90B3CF911943F9CD000678FA /* Debug */ = {
			isa = XCBuildConfiguration;
			buildSettings = {
				ASSETCATALOG_COMPILER_APPICON_NAME = AppIcon;
				COMBINE_HIDPI_IMAGES = YES;
				INFOPLIST_FILE = emojiping/Info.plist;
				LD_RUNPATH_SEARCH_PATHS = "$(inherited) @executable_path/../Frameworks";
				PRODUCT_NAME = "$(TARGET_NAME)";
			};
			name = Debug;
		};
		90B3CF921943F9CD000678FA /* Release */ = {
			isa = XCBuildConfiguration;
			buildSettings = {
				ASSETCATALOG_COMPILER_APPICON_NAME = AppIcon;
				COMBINE_HIDPI_IMAGES = YES;
				INFOPLIST_FILE = emojiping/Info.plist;
				LD_RUNPATH_SEARCH_PATHS = "$(inherited) @executable_path/../Frameworks";
				PRODUCT_NAME = "$(TARGET_NAME)";
			};
			name = Release;
		};
		90B3CF941943F9CD000678FA /* Debug */ = {
			isa = XCBuildConfiguration;
			buildSettings = {
				BUNDLE_LOADER = "$(BUILT_PRODUCTS_DIR)/emojiping.app/Contents/MacOS/emojiping";
				COMBINE_HIDPI_IMAGES = YES;
				FRAMEWORK_SEARCH_PATHS = (
					"$(DEVELOPER_FRAMEWORKS_DIR)",
					"$(inherited)",
				);
				GCC_PREPROCESSOR_DEFINITIONS = (
					"DEBUG=1",
					"$(inherited)",
				);
				INFOPLIST_FILE = emojipingTests/Info.plist;
				LD_RUNPATH_SEARCH_PATHS = "$(inherited) @executable_path/../Frameworks @loader_path/../Frameworks";
				METAL_ENABLE_DEBUG_INFO = YES;
				PRODUCT_NAME = "$(TARGET_NAME)";
				TEST_HOST = "$(BUNDLE_LOADER)";
			};
			name = Debug;
		};
		90B3CF951943F9CD000678FA /* Release */ = {
			isa = XCBuildConfiguration;
			buildSettings = {
				BUNDLE_LOADER = "$(BUILT_PRODUCTS_DIR)/emojiping.app/Contents/MacOS/emojiping";
				COMBINE_HIDPI_IMAGES = YES;
				FRAMEWORK_SEARCH_PATHS = (
					"$(DEVELOPER_FRAMEWORKS_DIR)",
					"$(inherited)",
				);
				INFOPLIST_FILE = emojipingTests/Info.plist;
				LD_RUNPATH_SEARCH_PATHS = "$(inherited) @executable_path/../Frameworks @loader_path/../Frameworks";
				METAL_ENABLE_DEBUG_INFO = NO;
				PRODUCT_NAME = "$(TARGET_NAME)";
				TEST_HOST = "$(BUNDLE_LOADER)";
			};
			name = Release;
		};
/* End XCBuildConfiguration section */

/* Begin XCConfigurationList section */
		90B3CF6F1943F9CD000678FA /* Build configuration list for PBXProject "emojiping" */ = {
			isa = XCConfigurationList;
			buildConfigurations = (
				90B3CF8E1943F9CD000678FA /* Debug */,
				90B3CF8F1943F9CD000678FA /* Release */,
			);
			defaultConfigurationIsVisible = 0;
			defaultConfigurationName = Release;
		};
		90B3CF901943F9CD000678FA /* Build configuration list for PBXNativeTarget "emojiping" */ = {
			isa = XCConfigurationList;
			buildConfigurations = (
				90B3CF911943F9CD000678FA /* Debug */,
				90B3CF921943F9CD000678FA /* Release */,
			);
			defaultConfigurationIsVisible = 0;
		};
		90B3CF931943F9CD000678FA /* Build configuration list for PBXNativeTarget "emojipingTests" */ = {
			isa = XCConfigurationList;
			buildConfigurations = (
				90B3CF941943F9CD000678FA /* Debug */,
				90B3CF951943F9CD000678FA /* Release */,
			);
			defaultConfigurationIsVisible = 0;
		};
/* End XCConfigurationList section */
	};
	rootObject = 90B3CF6C1943F9CD000678FA /* Project object */;
}
